
Microsoft Visual Studio Solution File, Format Version 12.00
# Visual Studio 15
VisualStudioVersion = 15.0.28307.902
MinimumVisualStudioVersion = 10.0.40219.1
Project("{FAE04EC0-301F-11D3-BF4B-00C04F79EFBC}") = "NewtonSoftJson", "NewtonSoftJson\NewtonSoftJson.csproj", "{52BEBE7A-CA3A-46C7-855E-96788544CF54}"
EndProject
Global
	GlobalSection(SolutionConfigurationPlatforms) = preSolution
		Debug|Any CPU = Debug|Any CPU
		Release|Any CPU = Release|Any CPU
	EndGlobalSection
	GlobalSection(ProjectConfigurationPlatforms) = postSolution
		{52BEBE7A-CA3A-46C7-855E-96788544CF54}.Debug|Any CPU.ActiveCfg = Debug|Any CPU
		{52BEBE7A-CA3A-46C7-855E-96788544CF54}.Debug|Any CPU.Build.0 = Debug|Any CPU
		{52BEBE7A-CA3A-46C7-855E-96788544CF54}.Release|Any CPU.ActiveCfg = Release|Any CPU
		{52BEBE7A-CA3A-46C7-855E-96788544CF54}.Release|Any CPU.Build.0 = Release|Any CPU
	EndGlobalSection
	GlobalSection(SolutionProperties) = preSolution
		HideSolutionNode = FALSE
	EndGlobalSection
	GlobalSection(ExtensibilityGlobals) = postSolution
		SolutionGuid = {60E259D0-45FA-4379-89E0-670494DCA58D}
	EndGlobalSection
EndGlobal
