
Microsoft Visual Studio Solution File, Format Version 12.00
# Visual Studio 15
VisualStudioVersion = 15.0.28307.902
MinimumVisualStudioVersion = 10.0.40219.1
Project("{FAE04EC0-301F-11D3-BF4B-00C04F79EFBC}") = "Collections", "Collections\Collections.csproj", "{C163D943-5FE3-4B0B-B147-2A972A1E11F1}"
EndProject
Global
	GlobalSection(SolutionConfigurationPlatforms) = preSolution
		Debug|Any CPU = Debug|Any CPU
		Release|Any CPU = Release|Any CPU
	EndGlobalSection
	GlobalSection(ProjectConfigurationPlatforms) = postSolution
		{C163D943-5FE3-4B0B-B147-2A972A1E11F1}.Debug|Any CPU.ActiveCfg = Debug|Any CPU
		{C163D943-5FE3-4B0B-B147-2A972A1E11F1}.Debug|Any CPU.Build.0 = Debug|Any CPU
		{C163D943-5FE3-4B0B-B147-2A972A1E11F1}.Release|Any CPU.ActiveCfg = Release|Any CPU
		{C163D943-5FE3-4B0B-B147-2A972A1E11F1}.Release|Any CPU.Build.0 = Release|Any CPU
	EndGlobalSection
	GlobalSection(SolutionProperties) = preSolution
		HideSolutionNode = FALSE
	EndGlobalSection
	GlobalSection(ExtensibilityGlobals) = postSolution
		SolutionGuid = {3178105C-DBC9-4D7F-A79A-A5834B79CD31}
	EndGlobalSection
EndGlobal
