
Microsoft Visual Studio Solution File, Format Version 12.00
# Visual Studio 15
VisualStudioVersion = 15.0.28307.902
MinimumVisualStudioVersion = 10.0.40219.1
Project("{FAE04EC0-301F-11D3-BF4B-00C04F79EFBC}") = "Inheritance", "ConsoleApp3\Inheritance.csproj", "{92236E59-BE60-4C7E-8BDC-511E876C165F}"
EndProject
Global
	GlobalSection(SolutionConfigurationPlatforms) = preSolution
		Debug|Any CPU = Debug|Any CPU
		Release|Any CPU = Release|Any CPU
	EndGlobalSection
	GlobalSection(ProjectConfigurationPlatforms) = postSolution
		{92236E59-BE60-4C7E-8BDC-511E876C165F}.Debug|Any CPU.ActiveCfg = Debug|Any CPU
		{92236E59-BE60-4C7E-8BDC-511E876C165F}.Debug|Any CPU.Build.0 = Debug|Any CPU
		{92236E59-BE60-4C7E-8BDC-511E876C165F}.Release|Any CPU.ActiveCfg = Release|Any CPU
		{92236E59-BE60-4C7E-8BDC-511E876C165F}.Release|Any CPU.Build.0 = Release|Any CPU
	EndGlobalSection
	GlobalSection(SolutionProperties) = preSolution
		HideSolutionNode = FALSE
	EndGlobalSection
	GlobalSection(ExtensibilityGlobals) = postSolution
		SolutionGuid = {28CC3039-87AB-4FBC-845D-21D5F3FB8186}
	EndGlobalSection
EndGlobal
